
Microsoft Visual Studio Solution File, Format Version 12.00
# Visual Studio Version 16
VisualStudioVersion = 16.0.29709.97
MinimumVisualStudioVersion = 10.0.40219.1
Project("{FAE04EC0-301F-11D3-BF4B-00C04F79EFBC}") = "Mywebsite", "Mywebsite\Mywebsite.csproj", "{8F34FC21-745C-41B8-BB8F-B106F80DD3CF}"
EndProject
Global
	GlobalSection(SolutionConfigurationPlatforms) = preSolution
		Debug|Any CPU = Debug|Any CPU
		Release|Any CPU = Release|Any CPU
	EndGlobalSection
	GlobalSection(ProjectConfigurationPlatforms) = postSolution
		{8F34FC21-745C-41B8-BB8F-B106F80DD3CF}.Debug|Any CPU.ActiveCfg = Debug|Any CPU
		{8F34FC21-745C-41B8-BB8F-B106F80DD3CF}.Debug|Any CPU.Build.0 = Debug|Any CPU
		{8F34FC21-745C-41B8-BB8F-B106F80DD3CF}.Release|Any CPU.ActiveCfg = Release|Any CPU
		{8F34FC21-745C-41B8-BB8F-B106F80DD3CF}.Release|Any CPU.Build.0 = Release|Any CPU
	EndGlobalSection
	GlobalSection(SolutionProperties) = preSolution
		HideSolutionNode = FALSE
	EndGlobalSection
	GlobalSection(ExtensibilityGlobals) = postSolution
		SolutionGuid = {506A746C-6575-4E95-AC86-6CFDFAAF7336}
	EndGlobalSection
EndGlobal
